
Microsoft Visual Studio Solution File, Format Version 12.00
# Visual Studio Version 16
VisualStudioVersion = 16.0.30717.126
MinimumVisualStudioVersion = 10.0.40219.1
Project("{9A19103F-16F7-4668-BE54-9A1E7A4F7556}") = "VerbNurbsSharp", "VerbNurbsSharp\VerbNurbsSharp.csproj", "{3249FF54-061F-4A9B-8DFE-F69A2E5CFCBA}"
EndProject
Project("{9A19103F-16F7-4668-BE54-9A1E7A4F7556}") = "VerbNurbsSharpConsoleApp", "VerbNurbsSharpConsoleApp\VerbNurbsSharpConsoleApp.csproj", "{5C744058-2229-4678-AE1F-DA398C057084}"
EndProject
Project("{FAE04EC0-301F-11D3-BF4B-00C04F79EFBC}") = "VerbNurbsSharpTest", "VerbNurbsSharpTest\VerbNurbsSharpTest.csproj", "{41695FF5-6E45-4399-B7B7-56AE9CB6CE52}"
EndProject
Global
	GlobalSection(SolutionConfigurationPlatforms) = preSolution
		Debug|Any CPU = Debug|Any CPU
		Release|Any CPU = Release|Any CPU
	EndGlobalSection
	GlobalSection(ProjectConfigurationPlatforms) = postSolution
		{3249FF54-061F-4A9B-8DFE-F69A2E5CFCBA}.Debug|Any CPU.ActiveCfg = Debug|Any CPU
		{3249FF54-061F-4A9B-8DFE-F69A2E5CFCBA}.Debug|Any CPU.Build.0 = Debug|Any CPU
		{3249FF54-061F-4A9B-8DFE-F69A2E5CFCBA}.Release|Any CPU.ActiveCfg = Release|Any CPU
		{3249FF54-061F-4A9B-8DFE-F69A2E5CFCBA}.Release|Any CPU.Build.0 = Release|Any CPU
		{5C744058-2229-4678-AE1F-DA398C057084}.Debug|Any CPU.ActiveCfg = Debug|Any CPU
		{5C744058-2229-4678-AE1F-DA398C057084}.Debug|Any CPU.Build.0 = Debug|Any CPU
		{5C744058-2229-4678-AE1F-DA398C057084}.Release|Any CPU.ActiveCfg = Release|Any CPU
		{5C744058-2229-4678-AE1F-DA398C057084}.Release|Any CPU.Build.0 = Release|Any CPU
		{41695FF5-6E45-4399-B7B7-56AE9CB6CE52}.Debug|Any CPU.ActiveCfg = Debug|Any CPU
		{41695FF5-6E45-4399-B7B7-56AE9CB6CE52}.Debug|Any CPU.Build.0 = Debug|Any CPU
		{41695FF5-6E45-4399-B7B7-56AE9CB6CE52}.Release|Any CPU.ActiveCfg = Release|Any CPU
		{41695FF5-6E45-4399-B7B7-56AE9CB6CE52}.Release|Any CPU.Build.0 = Release|Any CPU
	EndGlobalSection
	GlobalSection(SolutionProperties) = preSolution
		HideSolutionNode = FALSE
	EndGlobalSection
	GlobalSection(ExtensibilityGlobals) = postSolution
		SolutionGuid = {4523C912-B1A5-4E81-A10D-1B964F4CA16C}
	EndGlobalSection
EndGlobal
